{
  "requires": true,
  "lockfileVersion": 1,
  "dependencies": {
    "adaptivecards": {
      "version": "1.0.0",
      "resolved": "https://msazure.pkgs.visualstudio.com/_packaging/CCI_BotCanvas/npm/registry/adaptivecards/-/adaptivecards-1.0.0.tgz",
      "integrity": "sha1-96HxdpJRYmirQMpU8Z/aP6WJdjQ="
    },
    "argparse": {
      "version": "1.0.10",
      "resolved": "https://msazure.pkgs.visualstudio.com/_packaging/CCI_BotCanvas/npm/registry/argparse/-/argparse-1.0.10.tgz",
      "integrity": "sha1-vNZ5HqWuCXJeF+WtmIE0zUCz2RE=",
      "requires": {
        "sprintf-js": "1.0.3"
      }
    },
    "asap": {
      "version": "2.0.6",
      "resolved": "https://msazure.pkgs.visualstudio.com/_packaging/CCI_BotCanvas/npm/registry/asap/-/asap-2.0.6.tgz",
      "integrity": "sha1-5QNHYR1+aQlDIIu9r+vLwvuGbUY="
    },
    "bluebird": {
      "version": "3.5.1",
      "resolved": "https://msazure.pkgs.visualstudio.com/_packaging/CCI_BotCanvas/npm/registry/bluebird/-/bluebird-3.5.1.tgz",
      "integrity": "sha1-2VUfnemPH82h5oPRfukaBgLuLrk="
    },
    "botframework-directlinejs": {
      "version": "0.9.15",
      "resolved": "https://msazure.pkgs.visualstudio.com/_packaging/CCI_BotCanvas/npm/registry/botframework-directlinejs/-/botframework-directlinejs-0.9.15.tgz",
      "integrity": "sha1-DJxrbYr4fxlCfe9tWFsMAHI+k+8=",
      "requires": {
        "rxjs": "5.4.3"
      }
    },
    "cci.botcanvas.library": {
      "version": "0.0.1",
      "resolved": "https://msazure.pkgs.visualstudio.com/_packaging/CCI_BotCanvas/npm/registry/cci.botcanvas.library/-/cci.botcanvas.library-0.0.1.tgz",
      "integrity": "sha1-ng1fPhwCpUqRfteFjQz8VMBQ7fo=",
      "requires": {
        "adaptivecards": "1.0.0",
        "bluebird": "3.5.1",
        "botframework-directlinejs": "0.9.15",
        "core-js": "2.4.1",
        "jspeech": "0.1.1",
        "markdown-it": "8.3.1",
        "microsoft-speech-browser-sdk": "0.0.12",
        "react": "15.6.1",
        "react-dom": "15.6.1",
        "react-redux": "5.0.5",
        "redux": "3.7.2",
        "redux-observable": "0.13.0",
        "rxjs": "5.4.3",
        "simple-update-in": "1.2.0",
        "tslib": "1.7.1"
      }
    },
    "core-js": {
      "version": "2.4.1",
      "resolved": "https://msazure.pkgs.visualstudio.com/_packaging/CCI_BotCanvas/npm/registry/core-js/-/core-js-2.4.1.tgz",
      "integrity": "sha1-TekR5mew6ukSTjQlS1OupvxhjT4="
    },
    "create-react-class": {
      "version": "15.6.3",
      "resolved": "https://msazure.pkgs.visualstudio.com/_packaging/CCI_BotCanvas/npm/registry/create-react-class/-/create-react-class-15.6.3.tgz",
      "integrity": "sha1-LXMjf7P5cK5uvgEanmb0bbyoADY=",
      "requires": {
        "fbjs": "0.8.17",
        "loose-envify": "1.4.0",
        "object-assign": "4.1.1"
      }
    },
    "encoding": {
      "version": "0.1.12",
      "resolved": "https://msazure.pkgs.visualstudio.com/_packaging/CCI_BotCanvas/npm/registry/encoding/-/encoding-0.1.12.tgz",
      "integrity": "sha1-U4tm8+5izRq1HsMjgp0flIDHS+s=",
      "requires": {
        "iconv-lite": "0.4.23"
      }
    },
    "entities": {
      "version": "1.1.1",
      "resolved": "https://msazure.pkgs.visualstudio.com/_packaging/CCI_BotCanvas/npm/registry/entities/-/entities-1.1.1.tgz",
      "integrity": "sha1-blwtClYhtdra7O+AuQ7ftc13cvA="
    },
    "fbjs": {
      "version": "0.8.17",
      "resolved": "https://msazure.pkgs.visualstudio.com/_packaging/CCI_BotCanvas/npm/registry/fbjs/-/fbjs-0.8.17.tgz",
      "integrity": "sha1-xNWY6taUkRJlPWWIsBpc3Nn5D90=",
      "requires": {
        "core-js": "1.2.7",
        "isomorphic-fetch": "2.2.1",
        "loose-envify": "1.4.0",
        "object-assign": "4.1.1",
        "promise": "7.3.1",
        "setimmediate": "1.0.5",
        "ua-parser-js": "0.7.18"
      },
      "dependencies": {
        "core-js": {
          "version": "1.2.7",
          "resolved": "https://msazure.pkgs.visualstudio.com/_packaging/CCI_BotCanvas/npm/registry/core-js/-/core-js-1.2.7.tgz",
          "integrity": "sha1-ZSKUwUZR2yj6k70tX/KYOk8IxjY="
        }
      }
    },
    "hoist-non-react-statics": {
      "version": "1.2.0",
      "resolved": "https://msazure.pkgs.visualstudio.com/_packaging/CCI_BotCanvas/npm/registry/hoist-non-react-statics/-/hoist-non-react-statics-1.2.0.tgz",
      "integrity": "sha1-qkSM8JhtVcxAdzsXF0t90GbLfPs="
    },
    "iconv-lite": {
      "version": "0.4.23",
      "resolved": "https://msazure.pkgs.visualstudio.com/_packaging/CCI_BotCanvas/npm/registry/iconv-lite/-/iconv-lite-0.4.23.tgz",
      "integrity": "sha1-KXhx9jvlB63Pv8pxXQzQ7thOmmM=",
      "requires": {
        "safer-buffer": "2.1.2"
      }
    },
    "invariant": {
      "version": "2.2.4",
      "resolved": "https://msazure.pkgs.visualstudio.com/_packaging/CCI_BotCanvas/npm/registry/invariant/-/invariant-2.2.4.tgz",
      "integrity": "sha1-YQ88ksk1nOHbYW5TgAjSP/NRWOY=",
      "requires": {
        "loose-envify": "1.4.0"
      }
    },
    "is-stream": {
      "version": "1.1.0",
      "resolved": "https://msazure.pkgs.visualstudio.com/_packaging/CCI_BotCanvas/npm/registry/is-stream/-/is-stream-1.1.0.tgz",
      "integrity": "sha1-EtSj3U5o4Lec6428hBc66A2RykQ="
    },
    "isomorphic-fetch": {
      "version": "2.2.1",
      "resolved": "https://msazure.pkgs.visualstudio.com/_packaging/CCI_BotCanvas/npm/registry/isomorphic-fetch/-/isomorphic-fetch-2.2.1.tgz",
      "integrity": "sha1-YRrhrPFPXoH3KVB0coGf6XM1WKk=",
      "requires": {
        "node-fetch": "1.7.3",
        "whatwg-fetch": "2.0.4"
      }
    },
    "js-tokens": {
      "version": "4.0.0",
      "resolved": "https://msazure.pkgs.visualstudio.com/_packaging/CCI_BotCanvas/npm/registry/js-tokens/-/js-tokens-4.0.0.tgz",
      "integrity": "sha1-GSA/tZmR35jjoocFDUZHzerzJJk="
    },
    "jspeech": {
      "version": "0.1.1",
      "resolved": "https://msazure.pkgs.visualstudio.com/_packaging/CCI_BotCanvas/npm/registry/jspeech/-/jspeech-0.1.1.tgz",
      "integrity": "sha1-n+wcnRGeFJBajeqCpQWvBs+Sg1k="
    },
    "linkify-it": {
      "version": "2.0.3",
      "resolved": "https://msazure.pkgs.visualstudio.com/_packaging/CCI_BotCanvas/npm/registry/linkify-it/-/linkify-it-2.0.3.tgz",
      "integrity": "sha1-2UpGSPmxwXnWT6lykSaL22zpQ08=",
      "requires": {
        "uc.micro": "1.0.5"
      }
    },
    "lodash": {
      "version": "4.17.10",
      "resolved": "https://msazure.pkgs.visualstudio.com/_packaging/CCI_BotCanvas/npm/registry/lodash/-/lodash-4.17.10.tgz",
      "integrity": "sha1-G3eTz3JZ6jj7NmHU04syYK+K5Oc="
    },
    "lodash-es": {
      "version": "4.17.10",
      "resolved": "https://msazure.pkgs.visualstudio.com/_packaging/CCI_BotCanvas/npm/registry/lodash-es/-/lodash-es-4.17.10.tgz",
      "integrity": "sha1-Ys1xBM313YfyNag38O3g6OURfgU="
    },
    "loose-envify": {
      "version": "1.4.0",
      "resolved": "https://msazure.pkgs.visualstudio.com/_packaging/CCI_BotCanvas/npm/registry/loose-envify/-/loose-envify-1.4.0.tgz",
      "integrity": "sha1-ce5R+nvkyuwaY4OffmgtgTLTDK8=",
      "requires": {
        "js-tokens": "4.0.0"
      }
    },
    "markdown-it": {
      "version": "8.3.1",
      "resolved": "https://msazure.pkgs.visualstudio.com/_packaging/CCI_BotCanvas/npm/registry/markdown-it/-/markdown-it-8.3.1.tgz",
      "integrity": "sha1-L0tiKUjM3Bk9ZvPKLUMSWsSscyM=",
      "requires": {
        "argparse": "1.0.10",
        "entities": "1.1.1",
        "linkify-it": "2.0.3",
        "mdurl": "1.0.1",
        "uc.micro": "1.0.5"
      }
    },
    "mdurl": {
      "version": "1.0.1",
      "resolved": "https://msazure.pkgs.visualstudio.com/_packaging/CCI_BotCanvas/npm/registry/mdurl/-/mdurl-1.0.1.tgz",
      "integrity": "sha1-/oWy7HWlkDfyrf7BAP1sYBdhFS4="
    },
    "microsoft-speech-browser-sdk": {
      "version": "0.0.12",
      "resolved": "https://msazure.pkgs.visualstudio.com/_packaging/CCI_BotCanvas/npm/registry/microsoft-speech-browser-sdk/-/microsoft-speech-browser-sdk-0.0.12.tgz",
      "integrity": "sha1-NygR3Wg0doI1aNBSvM6Jf7F7zJE="
    },
    "node-fetch": {
      "version": "1.7.3",
      "resolved": "https://msazure.pkgs.visualstudio.com/_packaging/CCI_BotCanvas/npm/registry/node-fetch/-/node-fetch-1.7.3.tgz",
      "integrity": "sha1-mA9vcthSEaU0fGsrwYxbhMPrR+8=",
      "requires": {
        "encoding": "0.1.12",
        "is-stream": "1.1.0"
      }
    },
    "object-assign": {
      "version": "4.1.1",
      "resolved": "https://msazure.pkgs.visualstudio.com/_packaging/CCI_BotCanvas/npm/registry/object-assign/-/object-assign-4.1.1.tgz",
      "integrity": "sha1-IQmtx5ZYh8/AXLvUQsrIv7s2CGM="
    },
    "promise": {
      "version": "7.3.1",
      "resolved": "https://msazure.pkgs.visualstudio.com/_packaging/CCI_BotCanvas/npm/registry/promise/-/promise-7.3.1.tgz",
      "integrity": "sha1-BktyYCsY+Q8pGSuLG8QY/9Hr078=",
      "requires": {
        "asap": "2.0.6"
      }
    },
    "prop-types": {
      "version": "15.6.2",
      "resolved": "https://msazure.pkgs.visualstudio.com/_packaging/CCI_BotCanvas/npm/registry/prop-types/-/prop-types-15.6.2.tgz",
      "integrity": "sha1-BdXKd7RFPphdYPx/+MhZCUpJcQI=",
      "requires": {
        "loose-envify": "1.4.0",
        "object-assign": "4.1.1"
      }
    },
    "react": {
      "version": "15.6.1",
      "resolved": "https://msazure.pkgs.visualstudio.com/_packaging/CCI_BotCanvas/npm/registry/react/-/react-15.6.1.tgz",
      "integrity": "sha1-uqhDTsZ4C96ZfNw4C3nNM7ljk98=",
      "requires": {
        "create-react-class": "15.6.3",
        "fbjs": "0.8.17",
        "loose-envify": "1.4.0",
        "object-assign": "4.1.1",
        "prop-types": "15.6.2"
      }
    },
    "react-dom": {
      "version": "15.6.1",
      "resolved": "https://msazure.pkgs.visualstudio.com/_packaging/CCI_BotCanvas/npm/registry/react-dom/-/react-dom-15.6.1.tgz",
      "integrity": "sha1-LLDtQZEDjlPCCes6eaI+Kkz5lHA=",
      "requires": {
        "fbjs": "0.8.17",
        "loose-envify": "1.4.0",
        "object-assign": "4.1.1",
        "prop-types": "15.6.2"
      }
    },
    "react-redux": {
      "version": "5.0.5",
      "resolved": "https://msazure.pkgs.visualstudio.com/_packaging/CCI_BotCanvas/npm/registry/react-redux/-/react-redux-5.0.5.tgz",
      "integrity": "sha1-+OjHsjlCJXblLWt9sGQ5RpvphGo=",
      "requires": {
        "create-react-class": "15.6.3",
        "hoist-non-react-statics": "1.2.0",
        "invariant": "2.2.4",
        "lodash": "4.17.10",
        "lodash-es": "4.17.10",
        "loose-envify": "1.4.0",
        "prop-types": "15.6.2"
      }
    },
    "redux": {
      "version": "3.7.2",
      "resolved": "https://msazure.pkgs.visualstudio.com/_packaging/CCI_BotCanvas/npm/registry/redux/-/redux-3.7.2.tgz",
      "integrity": "sha1-BrcxIyFZAdJdBlvjQusCa8HIU3s=",
      "requires": {
        "lodash": "4.17.10",
        "lodash-es": "4.17.10",
        "loose-envify": "1.4.0",
        "symbol-observable": "1.2.0"
      }
    },
    "redux-observable": {
      "version": "0.13.0",
      "resolved": "https://msazure.pkgs.visualstudio.com/_packaging/CCI_BotCanvas/npm/registry/redux-observable/-/redux-observable-0.13.0.tgz",
      "integrity": "sha1-NbJsLNu3HkmbMcqZYdoFgcKXOQk="
    },
    "rxjs": {
      "version": "5.4.3",
      "resolved": "https://msazure.pkgs.visualstudio.com/_packaging/CCI_BotCanvas/npm/registry/rxjs/-/rxjs-5.4.3.tgz",
      "integrity": "sha1-B1jN3uYDPWjg/VNnbw81ls49SD8=",
      "requires": {
        "symbol-observable": "1.2.0"
      }
    },
    "safer-buffer": {
      "version": "2.1.2",
      "resolved": "https://msazure.pkgs.visualstudio.com/_packaging/CCI_BotCanvas/npm/registry/safer-buffer/-/safer-buffer-2.1.2.tgz",
      "integrity": "sha1-RPoWGwGHuVSd2Eu5GAL5vYOFzWo="
    },
    "setimmediate": {
      "version": "1.0.5",
      "resolved": "https://msazure.pkgs.visualstudio.com/_packaging/CCI_BotCanvas/npm/registry/setimmediate/-/setimmediate-1.0.5.tgz",
      "integrity": "sha1-KQy7Iy4waULX1+qbg3Mqt4VvgoU="
    },
    "simple-update-in": {
      "version": "1.2.0",
      "resolved": "https://msazure.pkgs.visualstudio.com/_packaging/CCI_BotCanvas/npm/registry/simple-update-in/-/simple-update-in-1.2.0.tgz",
      "integrity": "sha1-F+koejWBY7EOpnIv6TjmZ66aQjo="
    },
    "sprintf-js": {
      "version": "1.0.3",
      "resolved": "https://msazure.pkgs.visualstudio.com/_packaging/CCI_BotCanvas/npm/registry/sprintf-js/-/sprintf-js-1.0.3.tgz",
      "integrity": "sha1-BOaSb2YolTVPPdAVIDYzuFcpfiw="
    },
    "symbol-observable": {
      "version": "1.2.0",
      "resolved": "https://msazure.pkgs.visualstudio.com/_packaging/CCI_BotCanvas/npm/registry/symbol-observable/-/symbol-observable-1.2.0.tgz",
      "integrity": "sha1-wiaIrtTqs83C3+rLtWFmBWCgCAQ="
    },
    "tslib": {
      "version": "1.7.1",
      "resolved": "https://msazure.pkgs.visualstudio.com/_packaging/CCI_BotCanvas/npm/registry/tslib/-/tslib-1.7.1.tgz",
      "integrity": "sha1-vIAEFkaRkjp5/oN4u+s9ogF1OOw="
    },
    "ua-parser-js": {
      "version": "0.7.18",
      "resolved": "https://msazure.pkgs.visualstudio.com/_packaging/CCI_BotCanvas/npm/registry/ua-parser-js/-/ua-parser-js-0.7.18.tgz",
      "integrity": "sha1-p7/ZL1bt+xFwg7aeMdKqiILUse0="
    },
    "uc.micro": {
      "version": "1.0.5",
      "resolved": "https://msazure.pkgs.visualstudio.com/_packaging/CCI_BotCanvas/npm/registry/uc.micro/-/uc.micro-1.0.5.tgz",
      "integrity": "sha1-DGXxX4FaoItWCmHOi023/8P0U3Y="
    },
    "whatwg-fetch": {
      "version": "2.0.4",
      "resolved": "https://msazure.pkgs.visualstudio.com/_packaging/CCI_BotCanvas/npm/registry/whatwg-fetch/-/whatwg-fetch-2.0.4.tgz",
      "integrity": "sha1-3eal3zFfnTmZGqF2IYU9cguFVm8="
    }
  }
}
